
Microsoft Visual Studio Solution File, Format Version 12.00
# Visual Studio Version 16
VisualStudioVersion = 16.0.29613.14
MinimumVisualStudioVersion = 10.0.40219.1
Project("{FAE04EC0-301F-11D3-BF4B-00C04F79EFBC}") = "eight-queens-puzzle-core", "eight-queens-puzzle-core\eight-queens-puzzle-core.csproj", "{A46A2BFE-8EF5-43E9-93C7-BBC27964535A}"
EndProject
Global
	GlobalSection(SolutionConfigurationPlatforms) = preSolution
		Debug|Any CPU = Debug|Any CPU
		Release|Any CPU = Release|Any CPU
	EndGlobalSection
	GlobalSection(ProjectConfigurationPlatforms) = postSolution
		{A46A2BFE-8EF5-43E9-93C7-BBC27964535A}.Debug|Any CPU.ActiveCfg = Debug|Any CPU
		{A46A2BFE-8EF5-43E9-93C7-BBC27964535A}.Debug|Any CPU.Build.0 = Debug|Any CPU
		{A46A2BFE-8EF5-43E9-93C7-BBC27964535A}.Release|Any CPU.ActiveCfg = Release|Any CPU
		{A46A2BFE-8EF5-43E9-93C7-BBC27964535A}.Release|Any CPU.Build.0 = Release|Any CPU
	EndGlobalSection
	GlobalSection(SolutionProperties) = preSolution
		HideSolutionNode = FALSE
	EndGlobalSection
	GlobalSection(ExtensibilityGlobals) = postSolution
		SolutionGuid = {6B8EB8F7-4ECA-40D8-893A-80C90CCEF0CD}
	EndGlobalSection
EndGlobal
